Microsoft Visual Studio Solution File, Format Version 12.00
# Visual Studio Version 17
VisualStudioVersion = 17.0.31903.59
MinimumVisualStudioVersion = 10.0.40219.1
Project("{FAE04EC0-301F-11D3-BF4B-00C04F79EFBC}") = "Intentify.AppHost", "app/Intentify.AppHost/Intentify.AppHost.csproj", "{D0DB8DCA-1A2F-4929-B52A-98B3654D734E}"
EndProject
Project("{FAE04EC0-301F-11D3-BF4B-00C04F79EFBC}") = "Intentify.Modules.Auth.Domain", "modules/Intentify.Modules.Auth/src/Intentify.Modules.Auth.Domain/Intentify.Modules.Auth.Domain.csproj", "{A9E124B5-1CEA-483B-9F3D-0871E0E4B151}"
EndProject
Project("{FAE04EC0-301F-11D3-BF4B-00C04F79EFBC}") = "Intentify.Modules.Auth.Application", "modules/Intentify.Modules.Auth/src/Intentify.Modules.Auth.Application/Intentify.Modules.Auth.Application.csproj", "{54380C1F-C770-489F-80A9-4D87DD8AAA55}"
EndProject
Project("{FAE04EC0-301F-11D3-BF4B-00C04F79EFBC}") = "Intentify.Modules.Auth.Infrastructure", "modules/Intentify.Modules.Auth/src/Intentify.Modules.Auth.Infrastructure/Intentify.Modules.Auth.Infrastructure.csproj", "{217C4B37-D4F1-4BC7-B6D7-B211D54921DC}"
EndProject
Project("{FAE04EC0-301F-11D3-BF4B-00C04F79EFBC}") = "Intentify.Modules.Auth.Api", "modules/Intentify.Modules.Auth/src/Intentify.Modules.Auth.Api/Intentify.Modules.Auth.Api.csproj", "{87A01776-9230-4489-9896-612539C0B021}"
EndProject
Project("{FAE04EC0-301F-11D3-BF4B-00C04F79EFBC}") = "Intentify.Modules.Sites.Domain", "modules/Intentify.Modules.Sites/src/Intentify.Modules.Sites.Domain/Intentify.Modules.Sites.Domain.csproj", "{BBBDF6D7-889C-4B50-996D-3CD430ADE004}"
EndProject
Project("{FAE04EC0-301F-11D3-BF4B-00C04F79EFBC}") = "Intentify.Modules.Sites.Application", "modules/Intentify.Modules.Sites/src/Intentify.Modules.Sites.Application/Intentify.Modules.Sites.Application.csproj", "{34074389-077C-42FC-8D93-5BD4D7290025}"
EndProject
Project("{FAE04EC0-301F-11D3-BF4B-00C04F79EFBC}") = "Intentify.Modules.Sites.Infrastructure", "modules/Intentify.Modules.Sites/src/Intentify.Modules.Sites.Infrastructure/Intentify.Modules.Sites.Infrastructure.csproj", "{71E9AD23-783B-4321-B956-63F98F6DA217}"
EndProject
Project("{FAE04EC0-301F-11D3-BF4B-00C04F79EFBC}") = "Intentify.Modules.Sites.Api", "modules/Intentify.Modules.Sites/src/Intentify.Modules.Sites.Api/Intentify.Modules.Sites.Api.csproj", "{3D8842DC-9F60-4CC0-AC50-48B5A0EBCEF8}"
EndProject
Project("{FAE04EC0-301F-11D3-BF4B-00C04F79EFBC}") = "Intentify.Modules.Collector.Domain", "modules/Intentify.Modules.Collector/src/Intentify.Modules.Collector.Domain/Intentify.Modules.Collector.Domain.csproj", "{699E6F74-7FAE-48FA-A4E9-FCC480D888D2}"
EndProject
Project("{FAE04EC0-301F-11D3-BF4B-00C04F79EFBC}") = "Intentify.Modules.Collector.Application", "modules/Intentify.Modules.Collector/src/Intentify.Modules.Collector.Application/Intentify.Modules.Collector.Application.csproj", "{D9F9C013-FA9A-4EE0-9498-48288FB3DF1A}"
EndProject
Project("{FAE04EC0-301F-11D3-BF4B-00C04F79EFBC}") = "Intentify.Modules.Collector.Infrastructure", "modules/Intentify.Modules.Collector/src/Intentify.Modules.Collector.Infrastructure/Intentify.Modules.Collector.Infrastructure.csproj", "{4C25530D-9526-46BB-9CFD-336748F912B1}"
EndProject
Project("{FAE04EC0-301F-11D3-BF4B-00C04F79EFBC}") = "Intentify.Modules.Collector.Api", "modules/Intentify.Modules.Collector/src/Intentify.Modules.Collector.Api/Intentify.Modules.Collector.Api.csproj", "{C5E54192-58FA-4DB5-B4F2-7138CD9F27AA}"
EndProject
Project("{FAE04EC0-301F-11D3-BF4B-00C04F79EFBC}") = "Intentify.Shared.Abstractions", "shared/Intentify.Shared.Abstractions/src/Intentify.Shared.Abstractions/Intentify.Shared.Abstractions.csproj", "{2E7B5E1A-27BD-4ED9-8F0D-58AA1D80FA4B}"
EndProject
Project("{FAE04EC0-301F-11D3-BF4B-00C04F79EFBC}") = "Intentify.Shared.Web", "shared/Intentify.Shared.Web/src/Intentify.Shared.Web/Intentify.Shared.Web.csproj", "{3CEC9B96-1969-4326-8CEE-A11A1E869C2A}"
EndProject
Project("{FAE04EC0-301F-11D3-BF4B-00C04F79EFBC}") = "Intentify.Shared.Security", "shared/Intentify.Shared.Security/src/Intentify.Shared.Security/Intentify.Shared.Security.csproj", "{745AA3B8-0A1D-4D3E-8BD1-7BD06F0CA3D5}"
EndProject
Project("{FAE04EC0-301F-11D3-BF4B-00C04F79EFBC}") = "Intentify.Shared.Data.Mongo", "shared/Intentify.Shared.Data.Mongo/src/Intentify.Shared.Data.Mongo/Intentify.Shared.Data.Mongo.csproj", "{B0EF4081-E2BA-4B9C-9B84-ABEEC50F86B8}"
EndProject
Project("{FAE04EC0-301F-11D3-BF4B-00C04F79EFBC}") = "Intentify.Shared.Observability", "shared/Intentify.Shared.Observability/src/Intentify.Shared.Observability/Intentify.Shared.Observability.csproj", "{4B2647D0-5C75-4DFD-865A-A6DC9AFAABAB}"
EndProject
Project("{FAE04EC0-301F-11D3-BF4B-00C04F79EFBC}") = "Intentify.Shared.Messaging", "shared/Intentify.Shared.Messaging/src/Intentify.Shared.Messaging/Intentify.Shared.Messaging.csproj", "{B1B67B0A-464A-433F-A276-8392FE3A6C48}"
EndProject
Project("{FAE04EC0-301F-11D3-BF4B-00C04F79EFBC}") = "Intentify.Shared.AI", "shared/Intentify.Shared.AI/src/Intentify.Shared.AI/Intentify.Shared.AI.csproj", "{CD91608F-B537-41E2-8EB5-50A561D3325F}"
EndProject
Project("{FAE04EC0-301F-11D3-BF4B-00C04F79EFBC}") = "Intentify.Shared.KeyManagement", "shared/Intentify.Shared.KeyManagement/src/Intentify.Shared.KeyManagement/Intentify.Shared.KeyManagement.csproj", "{34DF723B-C801-44BD-83A0-D923A44EFD74}"
EndProject
Project("{FAE04EC0-301F-11D3-BF4B-00C04F79EFBC}") = "Intentify.Shared.Validation", "shared/Intentify.Shared.Validation/src/Intentify.Shared.Validation/Intentify.Shared.Validation.csproj", "{4FFE4D26-41CE-4763-9BE6-A58C60606D81}"
EndProject
Project("{FAE04EC0-301F-11D3-BF4B-00C04F79EFBC}") = "Intentify.Modules.Visitors.Domain", "modules/Intentify.Modules.Visitors/src/Intentify.Modules.Visitors.Domain/Intentify.Modules.Visitors.Domain.csproj", "{BCA8F65C-5410-49F3-B9BE-F8706B9CB55C}"
EndProject
Project("{FAE04EC0-301F-11D3-BF4B-00C04F79EFBC}") = "Intentify.Modules.Visitors.Application", "modules/Intentify.Modules.Visitors/src/Intentify.Modules.Visitors.Application/Intentify.Modules.Visitors.Application.csproj", "{13E3D18A-D1B7-4CB5-9250-D40F375B3EAD}"
EndProject
Project("{FAE04EC0-301F-11D3-BF4B-00C04F79EFBC}") = "Intentify.Modules.Visitors.Infrastructure", "modules/Intentify.Modules.Visitors/src/Intentify.Modules.Visitors.Infrastructure/Intentify.Modules.Visitors.Infrastructure.csproj", "{0A9CFCB4-7528-45B0-9E0F-F7EEF66C660A}"
EndProject
Project("{FAE04EC0-301F-11D3-BF4B-00C04F79EFBC}") = "Intentify.Modules.Visitors.Api", "modules/Intentify.Modules.Visitors/src/Intentify.Modules.Visitors.Api/Intentify.Modules.Visitors.Api.csproj", "{9A4C554E-B4DB-4B0C-8CFE-F1D23AD3D594}"
EndProject
Project("{FAE04EC0-301F-11D3-BF4B-00C04F79EFBC}") = "Intentify.Modules.Tickets.Domain", "modules/Intentify.Modules.Tickets/src/Intentify.Modules.Tickets.Domain/Intentify.Modules.Tickets.Domain.csproj", "{AD6AEAD8-BB21-45C4-B70B-A26186EA705F}"
EndProject
Project("{FAE04EC0-301F-11D3-BF4B-00C04F79EFBC}") = "Intentify.Modules.Tickets.Application", "modules/Intentify.Modules.Tickets/src/Intentify.Modules.Tickets.Application/Intentify.Modules.Tickets.Application.csproj", "{A485B9F6-BD5A-454B-982E-5C9F0CF8C258}"
EndProject
Project("{FAE04EC0-301F-11D3-BF4B-00C04F79EFBC}") = "Intentify.Modules.Tickets.Infrastructure", "modules/Intentify.Modules.Tickets/src/Intentify.Modules.Tickets.Infrastructure/Intentify.Modules.Tickets.Infrastructure.csproj", "{714032CD-5AEA-48E8-9C62-86A5E13CFE15}"
EndProject
Project("{FAE04EC0-301F-11D3-BF4B-00C04F79EFBC}") = "Intentify.Modules.Tickets.Api", "modules/Intentify.Modules.Tickets/src/Intentify.Modules.Tickets.Api/Intentify.Modules.Tickets.Api.csproj", "{9E3C3268-0E02-4123-BEC5-5E255D942BD0}"
EndProject
Project("{FAE04EC0-301F-11D3-BF4B-00C04F79EFBC}") = "Intentify.Modules.Intelligence.Domain", "modules/Intentify.Modules.Intelligence/src/Intentify.Modules.Intelligence.Domain/Intentify.Modules.Intelligence.Domain.csproj", "{B3975E67-727E-4569-BFE8-5A1B5D6E82A0}"
EndProject
Project("{FAE04EC0-301F-11D3-BF4B-00C04F79EFBC}") = "Intentify.Modules.Intelligence.Application", "modules/Intentify.Modules.Intelligence/src/Intentify.Modules.Intelligence.Application/Intentify.Modules.Intelligence.Application.csproj", "{D50CFA2A-0494-45D8-9D52-D7F8181543AD}"
EndProject
Project("{FAE04EC0-301F-11D3-BF4B-00C04F79EFBC}") = "Intentify.Modules.Intelligence.Infrastructure", "modules/Intentify.Modules.Intelligence/src/Intentify.Modules.Intelligence.Infrastructure/Intentify.Modules.Intelligence.Infrastructure.csproj", "{775EA4DA-F60A-41A6-BA98-11F3782B2C1A}"
EndProject
Project("{FAE04EC0-301F-11D3-BF4B-00C04F79EFBC}") = "Intentify.Modules.Intelligence.Api", "modules/Intentify.Modules.Intelligence/src/Intentify.Modules.Intelligence.Api/Intentify.Modules.Intelligence.Api.csproj", "{FDC36910-C9BA-4A37-825F-C133D88DF2A0}"
EndProject
Project("{FAE04EC0-301F-11D3-BF4B-00C04F79EFBC}") = "Intentify.Modules.Sites.Tests", "modules/Intentify.Modules.Sites/tests/Intentify.Modules.Sites.Tests/Intentify.Modules.Sites.Tests.csproj", "{A1B2C3D4-E5F6-7890-ABCD-EF1234567890}"
EndProject
Project("{FAE04EC0-301F-11D3-BF4B-00C04F79EFBC}") = "Intentify.Modules.Flows.Tests", "modules/Intentify.Modules.Flows/tests/Intentify.Modules.Flows.Tests/Intentify.Modules.Flows.Tests.csproj", "{B2C3D4E5-F6A7-8901-BCDE-F12345678901}"
EndProject
Project("{FAE04EC0-301F-11D3-BF4B-00C04F79EFBC}") = "Intentify.Modules.Engage.Tests", "modules/Intentify.Modules.Engage/tests/Intentify.Modules.Engage.Tests/Intentify.Modules.Engage.Tests.csproj", "{C3D4E5F6-A7B8-9012-CDEF-123456789012}"
EndProject
Project("{FAE04EC0-301F-11D3-BF4B-00C04F79EFBC}") = "Intentify.Modules.Integrations.Domain", "modules/Intentify.Modules.Integrations/src/Intentify.Modules.Integrations.Domain/Intentify.Modules.Integrations.Domain.csproj", "{D1E2F3A4-B5C6-7890-1234-567890ABCDEF}"
EndProject
Project("{FAE04EC0-301F-11D3-BF4B-00C04F79EFBC}") = "Intentify.Modules.Integrations.Application", "modules/Intentify.Modules.Integrations/src/Intentify.Modules.Integrations.Application/Intentify.Modules.Integrations.Application.csproj", "{E2F3A4B5-C6D7-8901-2345-678901BCDEF0}"
EndProject
Project("{FAE04EC0-301F-11D3-BF4B-00C04F79EFBC}") = "Intentify.Modules.Integrations.Infrastructure", "modules/Intentify.Modules.Integrations/src/Intentify.Modules.Integrations.Infrastructure/Intentify.Modules.Integrations.Infrastructure.csproj", "{F3A4B5C6-D7E8-9012-3456-789012CDEF01}"
EndProject
Project("{FAE04EC0-301F-11D3-BF4B-00C04F79EFBC}") = "Intentify.Modules.Integrations.Api", "modules/Intentify.Modules.Integrations/src/Intentify.Modules.Integrations.Api/Intentify.Modules.Integrations.Api.csproj", "{A4B5C6D7-E8F9-0123-4567-890123DEF012}"
EndProject
Project("{FAE04EC0-301F-11D3-BF4B-00C04F79EFBC}") = "Intentify.Modules.LinkHub.Domain", "modules/Intentify.Modules.LinkHub/src/Intentify.Modules.LinkHub.Domain/Intentify.Modules.LinkHub.Domain.csproj", "{B5C6D7E8-F9A0-1234-5678-901234EF0123}"
EndProject
Project("{FAE04EC0-301F-11D3-BF4B-00C04F79EFBC}") = "Intentify.Modules.LinkHub.Application", "modules/Intentify.Modules.LinkHub/src/Intentify.Modules.LinkHub.Application/Intentify.Modules.LinkHub.Application.csproj", "{C6D7E8F9-A0B1-2345-6789-012345F01234}"
EndProject
Project("{FAE04EC0-301F-11D3-BF4B-00C04F79EFBC}") = "Intentify.Modules.LinkHub.Infrastructure", "modules/Intentify.Modules.LinkHub/src/Intentify.Modules.LinkHub.Infrastructure/Intentify.Modules.LinkHub.Infrastructure.csproj", "{D7E8F9A0-B1C2-3456-7890-123456012345}"
EndProject
Project("{FAE04EC0-301F-11D3-BF4B-00C04F79EFBC}") = "Intentify.Modules.LinkHub.Api", "modules/Intentify.Modules.LinkHub/src/Intentify.Modules.LinkHub.Api/Intentify.Modules.LinkHub.Api.csproj", "{E8F9A0B1-C2D3-4567-8901-234567123456}"
EndProject
Global
	GlobalSection(SolutionConfigurationPlatforms) = preSolution
		Debug|Any CPU = Debug|Any CPU
		Release|Any CPU = Release|Any CPU
	EndGlobalSection
	GlobalSection(ProjectConfigurationPlatforms) = postSolution
		{D0DB8DCA-1A2F-4929-B52A-98B3654D734E}.Debug|Any CPU.ActiveCfg = Debug|Any CPU
		{D0DB8DCA-1A2F-4929-B52A-98B3654D734E}.Debug|Any CPU.Build.0 = Debug|Any CPU
		{D0DB8DCA-1A2F-4929-B52A-98B3654D734E}.Release|Any CPU.ActiveCfg = Release|Any CPU
		{D0DB8DCA-1A2F-4929-B52A-98B3654D734E}.Release|Any CPU.Build.0 = Release|Any CPU
		{C1BA297D-685A-4F55-AE7F-1D84392A11D3}.Debug|Any CPU.ActiveCfg = Debug|Any CPU
		{C1BA297D-685A-4F55-AE7F-1D84392A11D3}.Debug|Any CPU.Build.0 = Debug|Any CPU
		{C1BA297D-685A-4F55-AE7F-1D84392A11D3}.Release|Any CPU.ActiveCfg = Release|Any CPU
		{C1BA297D-685A-4F55-AE7F-1D84392A11D3}.Release|Any CPU.Build.0 = Release|Any CPU
		{A9E124B5-1CEA-483B-9F3D-0871E0E4B151}.Debug|Any CPU.ActiveCfg = Debug|Any CPU
		{A9E124B5-1CEA-483B-9F3D-0871E0E4B151}.Debug|Any CPU.Build.0 = Debug|Any CPU
		{A9E124B5-1CEA-483B-9F3D-0871E0E4B151}.Release|Any CPU.ActiveCfg = Release|Any CPU
		{A9E124B5-1CEA-483B-9F3D-0871E0E4B151}.Release|Any CPU.Build.0 = Release|Any CPU
		{54380C1F-C770-489F-80A9-4D87DD8AAA55}.Debug|Any CPU.ActiveCfg = Debug|Any CPU
		{54380C1F-C770-489F-80A9-4D87DD8AAA55}.Debug|Any CPU.Build.0 = Debug|Any CPU
		{54380C1F-C770-489F-80A9-4D87DD8AAA55}.Release|Any CPU.ActiveCfg = Release|Any CPU
		{54380C1F-C770-489F-80A9-4D87DD8AAA55}.Release|Any CPU.Build.0 = Release|Any CPU
		{217C4B37-D4F1-4BC7-B6D7-B211D54921DC}.Debug|Any CPU.ActiveCfg = Debug|Any CPU
		{217C4B37-D4F1-4BC7-B6D7-B211D54921DC}.Debug|Any CPU.Build.0 = Debug|Any CPU
		{217C4B37-D4F1-4BC7-B6D7-B211D54921DC}.Release|Any CPU.ActiveCfg = Release|Any CPU
		{217C4B37-D4F1-4BC7-B6D7-B211D54921DC}.Release|Any CPU.Build.0 = Release|Any CPU
		{87A01776-9230-4489-9896-612539C0B021}.Debug|Any CPU.ActiveCfg = Debug|Any CPU
		{87A01776-9230-4489-9896-612539C0B021}.Debug|Any CPU.Build.0 = Debug|Any CPU
		{87A01776-9230-4489-9896-612539C0B021}.Release|Any CPU.ActiveCfg = Release|Any CPU
		{87A01776-9230-4489-9896-612539C0B021}.Release|Any CPU.Build.0 = Release|Any CPU
		{35942561-016E-4422-940B-1DE1BDB8D3B0}.Debug|Any CPU.ActiveCfg = Debug|Any CPU
		{35942561-016E-4422-940B-1DE1BDB8D3B0}.Debug|Any CPU.Build.0 = Debug|Any CPU
		{35942561-016E-4422-940B-1DE1BDB8D3B0}.Release|Any CPU.ActiveCfg = Release|Any CPU
		{35942561-016E-4422-940B-1DE1BDB8D3B0}.Release|Any CPU.Build.0 = Release|Any CPU
		{EF38EE61-F842-4C33-8563-74A56AE136C0}.Debug|Any CPU.ActiveCfg = Debug|Any CPU
		{EF38EE61-F842-4C33-8563-74A56AE136C0}.Debug|Any CPU.Build.0 = Debug|Any CPU
		{EF38EE61-F842-4C33-8563-74A56AE136C0}.Release|Any CPU.ActiveCfg = Release|Any CPU
		{EF38EE61-F842-4C33-8563-74A56AE136C0}.Release|Any CPU.Build.0 = Release|Any CPU
		{BBBDF6D7-889C-4B50-996D-3CD430ADE004}.Debug|Any CPU.ActiveCfg = Debug|Any CPU
		{BBBDF6D7-889C-4B50-996D-3CD430ADE004}.Debug|Any CPU.Build.0 = Debug|Any CPU
		{BBBDF6D7-889C-4B50-996D-3CD430ADE004}.Release|Any CPU.ActiveCfg = Release|Any CPU
		{BBBDF6D7-889C-4B50-996D-3CD430ADE004}.Release|Any CPU.Build.0 = Release|Any CPU
		{34074389-077C-42FC-8D93-5BD4D7290025}.Debug|Any CPU.ActiveCfg = Debug|Any CPU
		{34074389-077C-42FC-8D93-5BD4D7290025}.Debug|Any CPU.Build.0 = Debug|Any CPU
		{34074389-077C-42FC-8D93-5BD4D7290025}.Release|Any CPU.ActiveCfg = Release|Any CPU
		{34074389-077C-42FC-8D93-5BD4D7290025}.Release|Any CPU.Build.0 = Release|Any CPU
		{71E9AD23-783B-4321-B956-63F98F6DA217}.Debug|Any CPU.ActiveCfg = Debug|Any CPU
		{71E9AD23-783B-4321-B956-63F98F6DA217}.Debug|Any CPU.Build.0 = Debug|Any CPU
		{71E9AD23-783B-4321-B956-63F98F6DA217}.Release|Any CPU.ActiveCfg = Release|Any CPU
		{71E9AD23-783B-4321-B956-63F98F6DA217}.Release|Any CPU.Build.0 = Release|Any CPU
		{3D8842DC-9F60-4CC0-AC50-48B5A0EBCEF8}.Debug|Any CPU.ActiveCfg = Debug|Any CPU
		{3D8842DC-9F60-4CC0-AC50-48B5A0EBCEF8}.Debug|Any CPU.Build.0 = Debug|Any CPU
		{3D8842DC-9F60-4CC0-AC50-48B5A0EBCEF8}.Release|Any CPU.ActiveCfg = Release|Any CPU
		{3D8842DC-9F60-4CC0-AC50-48B5A0EBCEF8}.Release|Any CPU.Build.0 = Release|Any CPU
		{699E6F74-7FAE-48FA-A4E9-FCC480D888D2}.Debug|Any CPU.ActiveCfg = Debug|Any CPU
		{699E6F74-7FAE-48FA-A4E9-FCC480D888D2}.Debug|Any CPU.Build.0 = Debug|Any CPU
		{699E6F74-7FAE-48FA-A4E9-FCC480D888D2}.Release|Any CPU.ActiveCfg = Release|Any CPU
		{699E6F74-7FAE-48FA-A4E9-FCC480D888D2}.Release|Any CPU.Build.0 = Release|Any CPU
		{D9F9C013-FA9A-4EE0-9498-48288FB3DF1A}.Debug|Any CPU.ActiveCfg = Debug|Any CPU
		{D9F9C013-FA9A-4EE0-9498-48288FB3DF1A}.Debug|Any CPU.Build.0 = Debug|Any CPU
		{D9F9C013-FA9A-4EE0-9498-48288FB3DF1A}.Release|Any CPU.ActiveCfg = Release|Any CPU
		{D9F9C013-FA9A-4EE0-9498-48288FB3DF1A}.Release|Any CPU.Build.0 = Release|Any CPU
		{4C25530D-9526-46BB-9CFD-336748F912B1}.Debug|Any CPU.ActiveCfg = Debug|Any CPU
		{4C25530D-9526-46BB-9CFD-336748F912B1}.Debug|Any CPU.Build.0 = Debug|Any CPU
		{4C25530D-9526-46BB-9CFD-336748F912B1}.Release|Any CPU.ActiveCfg = Release|Any CPU
		{4C25530D-9526-46BB-9CFD-336748F912B1}.Release|Any CPU.Build.0 = Release|Any CPU
		{C5E54192-58FA-4DB5-B4F2-7138CD9F27AA}.Debug|Any CPU.ActiveCfg = Debug|Any CPU
		{C5E54192-58FA-4DB5-B4F2-7138CD9F27AA}.Debug|Any CPU.Build.0 = Debug|Any CPU
		{C5E54192-58FA-4DB5-B4F2-7138CD9F27AA}.Release|Any CPU.ActiveCfg = Release|Any CPU
		{C5E54192-58FA-4DB5-B4F2-7138CD9F27AA}.Release|Any CPU.Build.0 = Release|Any CPU
		{4EB87682-E29D-4821-B328-5640E6984520}.Debug|Any CPU.ActiveCfg = Debug|Any CPU
		{4EB87682-E29D-4821-B328-5640E6984520}.Debug|Any CPU.Build.0 = Debug|Any CPU
		{4EB87682-E29D-4821-B328-5640E6984520}.Release|Any CPU.ActiveCfg = Release|Any CPU
		{4EB87682-E29D-4821-B328-5640E6984520}.Release|Any CPU.Build.0 = Release|Any CPU
		{2E7B5E1A-27BD-4ED9-8F0D-58AA1D80FA4B}.Debug|Any CPU.ActiveCfg = Debug|Any CPU
		{2E7B5E1A-27BD-4ED9-8F0D-58AA1D80FA4B}.Debug|Any CPU.Build.0 = Debug|Any CPU
		{2E7B5E1A-27BD-4ED9-8F0D-58AA1D80FA4B}.Release|Any CPU.ActiveCfg = Release|Any CPU
		{2E7B5E1A-27BD-4ED9-8F0D-58AA1D80FA4B}.Release|Any CPU.Build.0 = Release|Any CPU
		{8A8FB1A4-B240-47F8-B8B2-4A7C019255E2}.Debug|Any CPU.ActiveCfg = Debug|Any CPU
		{8A8FB1A4-B240-47F8-B8B2-4A7C019255E2}.Debug|Any CPU.Build.0 = Debug|Any CPU
		{8A8FB1A4-B240-47F8-B8B2-4A7C019255E2}.Release|Any CPU.ActiveCfg = Release|Any CPU
		{8A8FB1A4-B240-47F8-B8B2-4A7C019255E2}.Release|Any CPU.Build.0 = Release|Any CPU
		{3CEC9B96-1969-4326-8CEE-A11A1E869C2A}.Debug|Any CPU.ActiveCfg = Debug|Any CPU
		{3CEC9B96-1969-4326-8CEE-A11A1E869C2A}.Debug|Any CPU.Build.0 = Debug|Any CPU
		{3CEC9B96-1969-4326-8CEE-A11A1E869C2A}.Release|Any CPU.ActiveCfg = Release|Any CPU
		{3CEC9B96-1969-4326-8CEE-A11A1E869C2A}.Release|Any CPU.Build.0 = Release|Any CPU
		{8F939E60-4BB8-494E-9B94-921728BA2E58}.Debug|Any CPU.ActiveCfg = Debug|Any CPU
		{8F939E60-4BB8-494E-9B94-921728BA2E58}.Debug|Any CPU.Build.0 = Debug|Any CPU
		{8F939E60-4BB8-494E-9B94-921728BA2E58}.Release|Any CPU.ActiveCfg = Release|Any CPU
		{8F939E60-4BB8-494E-9B94-921728BA2E58}.Release|Any CPU.Build.0 = Release|Any CPU
		{745AA3B8-0A1D-4D3E-8BD1-7BD06F0CA3D5}.Debug|Any CPU.ActiveCfg = Debug|Any CPU
		{745AA3B8-0A1D-4D3E-8BD1-7BD06F0CA3D5}.Debug|Any CPU.Build.0 = Debug|Any CPU
		{745AA3B8-0A1D-4D3E-8BD1-7BD06F0CA3D5}.Release|Any CPU.ActiveCfg = Release|Any CPU
		{745AA3B8-0A1D-4D3E-8BD1-7BD06F0CA3D5}.Release|Any CPU.Build.0 = Release|Any CPU
		{88ADDF8C-07C7-4B0D-A947-D891B7EFF1CB}.Debug|Any CPU.ActiveCfg = Debug|Any CPU
		{88ADDF8C-07C7-4B0D-A947-D891B7EFF1CB}.Debug|Any CPU.Build.0 = Debug|Any CPU
		{88ADDF8C-07C7-4B0D-A947-D891B7EFF1CB}.Release|Any CPU.ActiveCfg = Release|Any CPU
		{88ADDF8C-07C7-4B0D-A947-D891B7EFF1CB}.Release|Any CPU.Build.0 = Release|Any CPU
		{B0EF4081-E2BA-4B9C-9B84-ABEEC50F86B8}.Debug|Any CPU.ActiveCfg = Debug|Any CPU
		{B0EF4081-E2BA-4B9C-9B84-ABEEC50F86B8}.Debug|Any CPU.Build.0 = Debug|Any CPU
		{B0EF4081-E2BA-4B9C-9B84-ABEEC50F86B8}.Release|Any CPU.ActiveCfg = Release|Any CPU
		{B0EF4081-E2BA-4B9C-9B84-ABEEC50F86B8}.Release|Any CPU.Build.0 = Release|Any CPU
		{3C317476-2240-49D4-8F4C-A48FB65459CD}.Debug|Any CPU.ActiveCfg = Debug|Any CPU
		{3C317476-2240-49D4-8F4C-A48FB65459CD}.Debug|Any CPU.Build.0 = Debug|Any CPU
		{3C317476-2240-49D4-8F4C-A48FB65459CD}.Release|Any CPU.ActiveCfg = Release|Any CPU
		{3C317476-2240-49D4-8F4C-A48FB65459CD}.Release|Any CPU.Build.0 = Release|Any CPU
		{4B2647D0-5C75-4DFD-865A-A6DC9AFAABAB}.Debug|Any CPU.ActiveCfg = Debug|Any CPU
		{4B2647D0-5C75-4DFD-865A-A6DC9AFAABAB}.Debug|Any CPU.Build.0 = Debug|Any CPU
		{4B2647D0-5C75-4DFD-865A-A6DC9AFAABAB}.Release|Any CPU.ActiveCfg = Release|Any CPU
		{4B2647D0-5C75-4DFD-865A-A6DC9AFAABAB}.Release|Any CPU.Build.0 = Release|Any CPU
		{06E0E692-20A8-4C5B-8791-FD8A30293830}.Debug|Any CPU.ActiveCfg = Debug|Any CPU
		{06E0E692-20A8-4C5B-8791-FD8A30293830}.Debug|Any CPU.Build.0 = Debug|Any CPU
		{06E0E692-20A8-4C5B-8791-FD8A30293830}.Release|Any CPU.ActiveCfg = Release|Any CPU
		{06E0E692-20A8-4C5B-8791-FD8A30293830}.Release|Any CPU.Build.0 = Release|Any CPU
		{B1B67B0A-464A-433F-A276-8392FE3A6C48}.Debug|Any CPU.ActiveCfg = Debug|Any CPU
		{B1B67B0A-464A-433F-A276-8392FE3A6C48}.Debug|Any CPU.Build.0 = Debug|Any CPU
		{B1B67B0A-464A-433F-A276-8392FE3A6C48}.Release|Any CPU.ActiveCfg = Release|Any CPU
		{B1B67B0A-464A-433F-A276-8392FE3A6C48}.Release|Any CPU.Build.0 = Release|Any CPU
		{6BBA3D44-E183-4D4C-A49F-1E752F509283}.Debug|Any CPU.ActiveCfg = Debug|Any CPU
		{6BBA3D44-E183-4D4C-A49F-1E752F509283}.Debug|Any CPU.Build.0 = Debug|Any CPU
		{6BBA3D44-E183-4D4C-A49F-1E752F509283}.Release|Any CPU.ActiveCfg = Release|Any CPU
		{6BBA3D44-E183-4D4C-A49F-1E752F509283}.Release|Any CPU.Build.0 = Release|Any CPU
		{CD91608F-B537-41E2-8EB5-50A561D3325F}.Debug|Any CPU.ActiveCfg = Debug|Any CPU
		{CD91608F-B537-41E2-8EB5-50A561D3325F}.Debug|Any CPU.Build.0 = Debug|Any CPU
		{CD91608F-B537-41E2-8EB5-50A561D3325F}.Release|Any CPU.ActiveCfg = Release|Any CPU
		{CD91608F-B537-41E2-8EB5-50A561D3325F}.Release|Any CPU.Build.0 = Release|Any CPU
		{5F4CA691-B28B-4B14-8F17-A28A97B5EF15}.Debug|Any CPU.ActiveCfg = Debug|Any CPU
		{5F4CA691-B28B-4B14-8F17-A28A97B5EF15}.Debug|Any CPU.Build.0 = Debug|Any CPU
		{5F4CA691-B28B-4B14-8F17-A28A97B5EF15}.Release|Any CPU.ActiveCfg = Release|Any CPU
		{5F4CA691-B28B-4B14-8F17-A28A97B5EF15}.Release|Any CPU.Build.0 = Release|Any CPU
		{CBB14B9D-95EE-4EF5-8B9F-7887DFA3567F}.Debug|Any CPU.ActiveCfg = Debug|Any CPU
		{CBB14B9D-95EE-4EF5-8B9F-7887DFA3567F}.Debug|Any CPU.Build.0 = Debug|Any CPU
		{CBB14B9D-95EE-4EF5-8B9F-7887DFA3567F}.Release|Any CPU.ActiveCfg = Release|Any CPU
		{CBB14B9D-95EE-4EF5-8B9F-7887DFA3567F}.Release|Any CPU.Build.0 = Release|Any CPU
		{34DF723B-C801-44BD-83A0-D923A44EFD74}.Debug|Any CPU.ActiveCfg = Debug|Any CPU
		{34DF723B-C801-44BD-83A0-D923A44EFD74}.Debug|Any CPU.Build.0 = Debug|Any CPU
		{34DF723B-C801-44BD-83A0-D923A44EFD74}.Release|Any CPU.ActiveCfg = Release|Any CPU
		{34DF723B-C801-44BD-83A0-D923A44EFD74}.Release|Any CPU.Build.0 = Release|Any CPU
		{86A8E0C9-041F-4FBB-B089-D71C0DD5CB21}.Debug|Any CPU.ActiveCfg = Debug|Any CPU
		{86A8E0C9-041F-4FBB-B089-D71C0DD5CB21}.Debug|Any CPU.Build.0 = Debug|Any CPU
		{86A8E0C9-041F-4FBB-B089-D71C0DD5CB21}.Release|Any CPU.ActiveCfg = Release|Any CPU
		{86A8E0C9-041F-4FBB-B089-D71C0DD5CB21}.Release|Any CPU.Build.0 = Release|Any CPU
		{4FFE4D26-41CE-4763-9BE6-A58C60606D81}.Debug|Any CPU.ActiveCfg = Debug|Any CPU
		{4FFE4D26-41CE-4763-9BE6-A58C60606D81}.Debug|Any CPU.Build.0 = Debug|Any CPU
		{4FFE4D26-41CE-4763-9BE6-A58C60606D81}.Release|Any CPU.ActiveCfg = Release|Any CPU
		{4FFE4D26-41CE-4763-9BE6-A58C60606D81}.Release|Any CPU.Build.0 = Release|Any CPU
		{7290DDF2-FF42-4984-A7EE-272C8610CD59}.Debug|Any CPU.ActiveCfg = Debug|Any CPU
		{7290DDF2-FF42-4984-A7EE-272C8610CD59}.Debug|Any CPU.Build.0 = Debug|Any CPU
		{7290DDF2-FF42-4984-A7EE-272C8610CD59}.Release|Any CPU.ActiveCfg = Release|Any CPU
		{7290DDF2-FF42-4984-A7EE-272C8610CD59}.Release|Any CPU.Build.0 = Release|Any CPU
		{BCA8F65C-5410-49F3-B9BE-F8706B9CB55C}.Debug|Any CPU.ActiveCfg = Debug|Any CPU
		{BCA8F65C-5410-49F3-B9BE-F8706B9CB55C}.Debug|Any CPU.Build.0 = Debug|Any CPU
		{BCA8F65C-5410-49F3-B9BE-F8706B9CB55C}.Release|Any CPU.ActiveCfg = Release|Any CPU
		{BCA8F65C-5410-49F3-B9BE-F8706B9CB55C}.Release|Any CPU.Build.0 = Release|Any CPU
		{13E3D18A-D1B7-4CB5-9250-D40F375B3EAD}.Debug|Any CPU.ActiveCfg = Debug|Any CPU
		{13E3D18A-D1B7-4CB5-9250-D40F375B3EAD}.Debug|Any CPU.Build.0 = Debug|Any CPU
		{13E3D18A-D1B7-4CB5-9250-D40F375B3EAD}.Release|Any CPU.ActiveCfg = Release|Any CPU
		{13E3D18A-D1B7-4CB5-9250-D40F375B3EAD}.Release|Any CPU.Build.0 = Release|Any CPU
		{0A9CFCB4-7528-45B0-9E0F-F7EEF66C660A}.Debug|Any CPU.ActiveCfg = Debug|Any CPU
		{0A9CFCB4-7528-45B0-9E0F-F7EEF66C660A}.Debug|Any CPU.Build.0 = Debug|Any CPU
		{0A9CFCB4-7528-45B0-9E0F-F7EEF66C660A}.Release|Any CPU.ActiveCfg = Release|Any CPU
		{0A9CFCB4-7528-45B0-9E0F-F7EEF66C660A}.Release|Any CPU.Build.0 = Release|Any CPU
		{9A4C554E-B4DB-4B0C-8CFE-F1D23AD3D594}.Debug|Any CPU.ActiveCfg = Debug|Any CPU
		{9A4C554E-B4DB-4B0C-8CFE-F1D23AD3D594}.Debug|Any CPU.Build.0 = Debug|Any CPU
		{9A4C554E-B4DB-4B0C-8CFE-F1D23AD3D594}.Release|Any CPU.ActiveCfg = Release|Any CPU
		{9A4C554E-B4DB-4B0C-8CFE-F1D23AD3D594}.Release|Any CPU.Build.0 = Release|Any CPU
		{83413FF4-818F-4361-A37D-97CCC5A7597B}.Debug|Any CPU.ActiveCfg = Debug|Any CPU
		{83413FF4-818F-4361-A37D-97CCC5A7597B}.Debug|Any CPU.Build.0 = Debug|Any CPU
		{83413FF4-818F-4361-A37D-97CCC5A7597B}.Release|Any CPU.ActiveCfg = Release|Any CPU
		{83413FF4-818F-4361-A37D-97CCC5A7597B}.Release|Any CPU.Build.0 = Release|Any CPU
		{AD6AEAD8-BB21-45C4-B70B-A26186EA705F}.Debug|Any CPU.ActiveCfg = Debug|Any CPU
		{AD6AEAD8-BB21-45C4-B70B-A26186EA705F}.Debug|Any CPU.Build.0 = Debug|Any CPU
		{AD6AEAD8-BB21-45C4-B70B-A26186EA705F}.Release|Any CPU.ActiveCfg = Release|Any CPU
		{AD6AEAD8-BB21-45C4-B70B-A26186EA705F}.Release|Any CPU.Build.0 = Release|Any CPU
		{A485B9F6-BD5A-454B-982E-5C9F0CF8C258}.Debug|Any CPU.ActiveCfg = Debug|Any CPU
		{A485B9F6-BD5A-454B-982E-5C9F0CF8C258}.Debug|Any CPU.Build.0 = Debug|Any CPU
		{A485B9F6-BD5A-454B-982E-5C9F0CF8C258}.Release|Any CPU.ActiveCfg = Release|Any CPU
		{A485B9F6-BD5A-454B-982E-5C9F0CF8C258}.Release|Any CPU.Build.0 = Release|Any CPU
		{714032CD-5AEA-48E8-9C62-86A5E13CFE15}.Debug|Any CPU.ActiveCfg = Debug|Any CPU
		{714032CD-5AEA-48E8-9C62-86A5E13CFE15}.Debug|Any CPU.Build.0 = Debug|Any CPU
		{714032CD-5AEA-48E8-9C62-86A5E13CFE15}.Release|Any CPU.ActiveCfg = Release|Any CPU
		{714032CD-5AEA-48E8-9C62-86A5E13CFE15}.Release|Any CPU.Build.0 = Release|Any CPU
		{9E3C3268-0E02-4123-BEC5-5E255D942BD0}.Debug|Any CPU.ActiveCfg = Debug|Any CPU
		{9E3C3268-0E02-4123-BEC5-5E255D942BD0}.Debug|Any CPU.Build.0 = Debug|Any CPU
		{9E3C3268-0E02-4123-BEC5-5E255D942BD0}.Release|Any CPU.ActiveCfg = Release|Any CPU
		{9E3C3268-0E02-4123-BEC5-5E255D942BD0}.Release|Any CPU.Build.0 = Release|Any CPU
		{73F2BCEA-D6D1-4388-A201-9AAAAAB05B35}.Debug|Any CPU.ActiveCfg = Debug|Any CPU
		{73F2BCEA-D6D1-4388-A201-9AAAAAB05B35}.Debug|Any CPU.Build.0 = Debug|Any CPU
		{73F2BCEA-D6D1-4388-A201-9AAAAAB05B35}.Release|Any CPU.ActiveCfg = Release|Any CPU
		{73F2BCEA-D6D1-4388-A201-9AAAAAB05B35}.Release|Any CPU.Build.0 = Release|Any CPU
		{B3975E67-727E-4569-BFE8-5A1B5D6E82A0}.Debug|Any CPU.ActiveCfg = Debug|Any CPU
		{B3975E67-727E-4569-BFE8-5A1B5D6E82A0}.Debug|Any CPU.Build.0 = Debug|Any CPU
		{B3975E67-727E-4569-BFE8-5A1B5D6E82A0}.Release|Any CPU.ActiveCfg = Release|Any CPU
		{B3975E67-727E-4569-BFE8-5A1B5D6E82A0}.Release|Any CPU.Build.0 = Release|Any CPU
		{D50CFA2A-0494-45D8-9D52-D7F8181543AD}.Debug|Any CPU.ActiveCfg = Debug|Any CPU
		{D50CFA2A-0494-45D8-9D52-D7F8181543AD}.Debug|Any CPU.Build.0 = Debug|Any CPU
		{D50CFA2A-0494-45D8-9D52-D7F8181543AD}.Release|Any CPU.ActiveCfg = Release|Any CPU
		{D50CFA2A-0494-45D8-9D52-D7F8181543AD}.Release|Any CPU.Build.0 = Release|Any CPU
		{775EA4DA-F60A-41A6-BA98-11F3782B2C1A}.Debug|Any CPU.ActiveCfg = Debug|Any CPU
		{775EA4DA-F60A-41A6-BA98-11F3782B2C1A}.Debug|Any CPU.Build.0 = Debug|Any CPU
		{775EA4DA-F60A-41A6-BA98-11F3782B2C1A}.Release|Any CPU.ActiveCfg = Release|Any CPU
		{775EA4DA-F60A-41A6-BA98-11F3782B2C1A}.Release|Any CPU.Build.0 = Release|Any CPU
		{FDC36910-C9BA-4A37-825F-C133D88DF2A0}.Debug|Any CPU.ActiveCfg = Debug|Any CPU
		{FDC36910-C9BA-4A37-825F-C133D88DF2A0}.Debug|Any CPU.Build.0 = Debug|Any CPU
		{FDC36910-C9BA-4A37-825F-C133D88DF2A0}.Release|Any CPU.ActiveCfg = Release|Any CPU
		{FDC36910-C9BA-4A37-825F-C133D88DF2A0}.Release|Any CPU.Build.0 = Release|Any CPU
		{F61D9EB5-665F-4488-A5F6-E174467AE555}.Debug|Any CPU.ActiveCfg = Debug|Any CPU
		{F61D9EB5-665F-4488-A5F6-E174467AE555}.Debug|Any CPU.Build.0 = Debug|Any CPU
		{F61D9EB5-665F-4488-A5F6-E174467AE555}.Release|Any CPU.ActiveCfg = Release|Any CPU
		{F61D9EB5-665F-4488-A5F6-E174467AE555}.Release|Any CPU.Build.0 = Release|Any CPU
		{A1B2C3D4-E5F6-7890-ABCD-EF1234567890}.Debug|Any CPU.ActiveCfg = Debug|Any CPU
		{A1B2C3D4-E5F6-7890-ABCD-EF1234567890}.Debug|Any CPU.Build.0 = Debug|Any CPU
		{A1B2C3D4-E5F6-7890-ABCD-EF1234567890}.Release|Any CPU.ActiveCfg = Release|Any CPU
		{A1B2C3D4-E5F6-7890-ABCD-EF1234567890}.Release|Any CPU.Build.0 = Release|Any CPU
		{B2C3D4E5-F6A7-8901-BCDE-F12345678901}.Debug|Any CPU.ActiveCfg = Debug|Any CPU
		{B2C3D4E5-F6A7-8901-BCDE-F12345678901}.Debug|Any CPU.Build.0 = Debug|Any CPU
		{B2C3D4E5-F6A7-8901-BCDE-F12345678901}.Release|Any CPU.ActiveCfg = Release|Any CPU
		{B2C3D4E5-F6A7-8901-BCDE-F12345678901}.Release|Any CPU.Build.0 = Release|Any CPU
		{C3D4E5F6-A7B8-9012-CDEF-123456789012}.Debug|Any CPU.ActiveCfg = Debug|Any CPU
		{C3D4E5F6-A7B8-9012-CDEF-123456789012}.Debug|Any CPU.Build.0 = Debug|Any CPU
		{C3D4E5F6-A7B8-9012-CDEF-123456789012}.Release|Any CPU.ActiveCfg = Release|Any CPU
		{C3D4E5F6-A7B8-9012-CDEF-123456789012}.Release|Any CPU.Build.0 = Release|Any CPU
		{D1E2F3A4-B5C6-7890-1234-567890ABCDEF}.Debug|Any CPU.ActiveCfg = Debug|Any CPU
		{D1E2F3A4-B5C6-7890-1234-567890ABCDEF}.Debug|Any CPU.Build.0 = Debug|Any CPU
		{D1E2F3A4-B5C6-7890-1234-567890ABCDEF}.Release|Any CPU.ActiveCfg = Release|Any CPU
		{D1E2F3A4-B5C6-7890-1234-567890ABCDEF}.Release|Any CPU.Build.0 = Release|Any CPU
		{E2F3A4B5-C6D7-8901-2345-678901BCDEF0}.Debug|Any CPU.ActiveCfg = Debug|Any CPU
		{E2F3A4B5-C6D7-8901-2345-678901BCDEF0}.Debug|Any CPU.Build.0 = Debug|Any CPU
		{E2F3A4B5-C6D7-8901-2345-678901BCDEF0}.Release|Any CPU.ActiveCfg = Release|Any CPU
		{E2F3A4B5-C6D7-8901-2345-678901BCDEF0}.Release|Any CPU.Build.0 = Release|Any CPU
		{F3A4B5C6-D7E8-9012-3456-789012CDEF01}.Debug|Any CPU.ActiveCfg = Debug|Any CPU
		{F3A4B5C6-D7E8-9012-3456-789012CDEF01}.Debug|Any CPU.Build.0 = Debug|Any CPU
		{F3A4B5C6-D7E8-9012-3456-789012CDEF01}.Release|Any CPU.ActiveCfg = Release|Any CPU
		{F3A4B5C6-D7E8-9012-3456-789012CDEF01}.Release|Any CPU.Build.0 = Release|Any CPU
		{A4B5C6D7-E8F9-0123-4567-890123DEF012}.Debug|Any CPU.ActiveCfg = Debug|Any CPU
		{A4B5C6D7-E8F9-0123-4567-890123DEF012}.Debug|Any CPU.Build.0 = Debug|Any CPU
		{A4B5C6D7-E8F9-0123-4567-890123DEF012}.Release|Any CPU.ActiveCfg = Release|Any CPU
		{A4B5C6D7-E8F9-0123-4567-890123DEF012}.Release|Any CPU.Build.0 = Release|Any CPU
		{B5C6D7E8-F9A0-1234-5678-901234EF0123}.Debug|Any CPU.ActiveCfg = Debug|Any CPU
		{B5C6D7E8-F9A0-1234-5678-901234EF0123}.Debug|Any CPU.Build.0 = Debug|Any CPU
		{B5C6D7E8-F9A0-1234-5678-901234EF0123}.Release|Any CPU.ActiveCfg = Release|Any CPU
		{B5C6D7E8-F9A0-1234-5678-901234EF0123}.Release|Any CPU.Build.0 = Release|Any CPU
		{C6D7E8F9-A0B1-2345-6789-012345F01234}.Debug|Any CPU.ActiveCfg = Debug|Any CPU
		{C6D7E8F9-A0B1-2345-6789-012345F01234}.Debug|Any CPU.Build.0 = Debug|Any CPU
		{C6D7E8F9-A0B1-2345-6789-012345F01234}.Release|Any CPU.ActiveCfg = Release|Any CPU
		{C6D7E8F9-A0B1-2345-6789-012345F01234}.Release|Any CPU.Build.0 = Release|Any CPU
		{D7E8F9A0-B1C2-3456-7890-123456012345}.Debug|Any CPU.ActiveCfg = Debug|Any CPU
		{D7E8F9A0-B1C2-3456-7890-123456012345}.Debug|Any CPU.Build.0 = Debug|Any CPU
		{D7E8F9A0-B1C2-3456-7890-123456012345}.Release|Any CPU.ActiveCfg = Release|Any CPU
		{D7E8F9A0-B1C2-3456-7890-123456012345}.Release|Any CPU.Build.0 = Release|Any CPU
		{E8F9A0B1-C2D3-4567-8901-234567123456}.Debug|Any CPU.ActiveCfg = Debug|Any CPU
		{E8F9A0B1-C2D3-4567-8901-234567123456}.Debug|Any CPU.Build.0 = Debug|Any CPU
		{E8F9A0B1-C2D3-4567-8901-234567123456}.Release|Any CPU.ActiveCfg = Release|Any CPU
		{E8F9A0B1-C2D3-4567-8901-234567123456}.Release|Any CPU.Build.0 = Release|Any CPU
	EndGlobalSection
	GlobalSection(SolutionProperties) = preSolution
		HideSolutionNode = FALSE
	EndGlobalSection
EndGlobal
