Microsoft Visual Studio Solution File, Format Version 12.00
# Visual Studio Version 17
VisualStudioVersion = 17.0.31903.59
MinimumVisualStudioVersion = 10.0.40219.1
Project("{FAE04EC0-301F-11D3-BF4B-00C04F79EFBC}") = "Intentify.AppHost", "app/Intentify.AppHost/Intentify.AppHost.csproj", "{D0DB8DCA-1A2F-4929-B52A-98B3654D734E}"
EndProject
Project("{FAE04EC0-301F-11D3-BF4B-00C04F79EFBC}") = "Intentify.AppHost.Tests", "app/Intentify.AppHost/tests/Intentify.AppHost.Tests/Intentify.AppHost.Tests.csproj", "{C1BA297D-685A-4F55-AE7F-1D84392A11D3}"
EndProject
Project("{FAE04EC0-301F-11D3-BF4B-00C04F79EFBC}") = "Intentify.Modules.Auth.Domain", "modules/Intentify.Modules.Auth/src/Intentify.Modules.Auth.Domain/Intentify.Modules.Auth.Domain.csproj", "{A9E124B5-1CEA-483B-9F3D-0871E0E4B151}"
EndProject
Project("{FAE04EC0-301F-11D3-BF4B-00C04F79EFBC}") = "Intentify.Modules.Auth.Api", "modules/Intentify.Modules.Auth/src/Intentify.Modules.Auth.Api/Intentify.Modules.Auth.Api.csproj", "{87A01776-9230-4489-9896-612539C0B021}"
EndProject
Project("{FAE04EC0-301F-11D3-BF4B-00C04F79EFBC}") = "Intentify.Modules.Auth.Tests", "modules/Intentify.Modules.Auth/tests/Intentify.Modules.Auth.Tests/Intentify.Modules.Auth.Tests.csproj", "{35942561-016E-4422-940B-1DE1BDB8D3B0}"
EndProject
Project("{FAE04EC0-301F-11D3-BF4B-00C04F79EFBC}") = "Intentify.Shared.Abstractions", "shared/Intentify.Shared.Abstractions/src/Intentify.Shared.Abstractions/Intentify.Shared.Abstractions.csproj", "{2E7B5E1A-27BD-4ED9-8F0D-58AA1D80FA4B}"
EndProject
Project("{FAE04EC0-301F-11D3-BF4B-00C04F79EFBC}") = "Intentify.Shared.Abstractions.Tests", "shared/Intentify.Shared.Abstractions/tests/Intentify.Shared.Abstractions.Tests/Intentify.Shared.Abstractions.Tests.csproj", "{8A8FB1A4-B240-47F8-B8B2-4A7C019255E2}"
EndProject
Project("{FAE04EC0-301F-11D3-BF4B-00C04F79EFBC}") = "Intentify.Shared.Web", "shared/Intentify.Shared.Web/src/Intentify.Shared.Web/Intentify.Shared.Web.csproj", "{3CEC9B96-1969-4326-8CEE-A11A1E869C2A}"
EndProject
Project("{FAE04EC0-301F-11D3-BF4B-00C04F79EFBC}") = "Intentify.Shared.Web.Tests", "shared/Intentify.Shared.Web/tests/Intentify.Shared.Web.Tests/Intentify.Shared.Web.Tests.csproj", "{8F939E60-4BB8-494E-9B94-921728BA2E58}"
EndProject
Project("{FAE04EC0-301F-11D3-BF4B-00C04F79EFBC}") = "Intentify.Shared.Security", "shared/Intentify.Shared.Security/src/Intentify.Shared.Security/Intentify.Shared.Security.csproj", "{745AA3B8-0A1D-4D3E-8BD1-7BD06F0CA3D5}"
EndProject
Project("{FAE04EC0-301F-11D3-BF4B-00C04F79EFBC}") = "Intentify.Shared.Security.Tests", "shared/Intentify.Shared.Security/tests/Intentify.Shared.Security.Tests/Intentify.Shared.Security.Tests.csproj", "{88ADDF8C-07C7-4B0D-A947-D891B7EFF1CB}"
EndProject
Project("{FAE04EC0-301F-11D3-BF4B-00C04F79EFBC}") = "Intentify.Shared.Data.Mongo", "shared/Intentify.Shared.Data.Mongo/src/Intentify.Shared.Data.Mongo/Intentify.Shared.Data.Mongo.csproj", "{B0EF4081-E2BA-4B9C-9B84-ABEEC50F86B8}"
EndProject
Project("{FAE04EC0-301F-11D3-BF4B-00C04F79EFBC}") = "Intentify.Shared.Data.Mongo.Tests", "shared/Intentify.Shared.Data.Mongo/tests/Intentify.Shared.Data.Mongo.Tests/Intentify.Shared.Data.Mongo.Tests.csproj", "{3C317476-2240-49D4-8F4C-A48FB65459CD}"
EndProject
Project("{FAE04EC0-301F-11D3-BF4B-00C04F79EFBC}") = "Intentify.Shared.Observability", "shared/Intentify.Shared.Observability/src/Intentify.Shared.Observability/Intentify.Shared.Observability.csproj", "{4B2647D0-5C75-4DFD-865A-A6DC9AFAABAB}"
EndProject
Project("{FAE04EC0-301F-11D3-BF4B-00C04F79EFBC}") = "Intentify.Shared.Observability.Tests", "shared/Intentify.Shared.Observability/tests/Intentify.Shared.Observability.Tests/Intentify.Shared.Observability.Tests.csproj", "{06E0E692-20A8-4C5B-8791-FD8A30293830}"
EndProject
Project("{FAE04EC0-301F-11D3-BF4B-00C04F79EFBC}") = "Intentify.Shared.Messaging", "shared/Intentify.Shared.Messaging/src/Intentify.Shared.Messaging/Intentify.Shared.Messaging.csproj", "{B1B67B0A-464A-433F-A276-8392FE3A6C48}"
EndProject
Project("{FAE04EC0-301F-11D3-BF4B-00C04F79EFBC}") = "Intentify.Shared.Messaging.Tests", "shared/Intentify.Shared.Messaging/tests/Intentify.Shared.Messaging.Tests/Intentify.Shared.Messaging.Tests.csproj", "{6BBA3D44-E183-4D4C-A49F-1E752F509283}"
EndProject
Project("{FAE04EC0-301F-11D3-BF4B-00C04F79EFBC}") = "Intentify.Shared.AI", "shared/Intentify.Shared.AI/src/Intentify.Shared.AI/Intentify.Shared.AI.csproj", "{CD91608F-B537-41E2-8EB5-50A561D3325F}"
EndProject
Project("{FAE04EC0-301F-11D3-BF4B-00C04F79EFBC}") = "Intentify.Shared.AI.Tests", "shared/Intentify.Shared.AI/tests/Intentify.Shared.AI.Tests/Intentify.Shared.AI.Tests.csproj", "{5F4CA691-B28B-4B14-8F17-A28A97B5EF15}"
EndProject
Project("{FAE04EC0-301F-11D3-BF4B-00C04F79EFBC}") = "Intentify.Shared.Testing", "shared/Intentify.Shared.Testing/src/Intentify.Shared.Testing/Intentify.Shared.Testing.csproj", "{894CEBB0-E04B-44BB-8B65-0BA613CA6FCA}"
EndProject
Project("{FAE04EC0-301F-11D3-BF4B-00C04F79EFBC}") = "Intentify.Shared.Testing.Tests", "shared/Intentify.Shared.Testing/tests/Intentify.Shared.Testing.Tests/Intentify.Shared.Testing.Tests.csproj", "{CBB14B9D-95EE-4EF5-8B9F-7887DFA3567F}"
EndProject
Global
	GlobalSection(SolutionConfigurationPlatforms) = preSolution
		Debug|Any CPU = Debug|Any CPU
		Release|Any CPU = Release|Any CPU
	EndGlobalSection
	GlobalSection(ProjectConfigurationPlatforms) = postSolution
		{D0DB8DCA-1A2F-4929-B52A-98B3654D734E}.Debug|Any CPU.ActiveCfg = Debug|Any CPU
		{D0DB8DCA-1A2F-4929-B52A-98B3654D734E}.Debug|Any CPU.Build.0 = Debug|Any CPU
		{D0DB8DCA-1A2F-4929-B52A-98B3654D734E}.Release|Any CPU.ActiveCfg = Release|Any CPU
		{D0DB8DCA-1A2F-4929-B52A-98B3654D734E}.Release|Any CPU.Build.0 = Release|Any CPU
		{C1BA297D-685A-4F55-AE7F-1D84392A11D3}.Debug|Any CPU.ActiveCfg = Debug|Any CPU
		{C1BA297D-685A-4F55-AE7F-1D84392A11D3}.Debug|Any CPU.Build.0 = Debug|Any CPU
		{C1BA297D-685A-4F55-AE7F-1D84392A11D3}.Release|Any CPU.ActiveCfg = Release|Any CPU
		{C1BA297D-685A-4F55-AE7F-1D84392A11D3}.Release|Any CPU.Build.0 = Release|Any CPU
		{A9E124B5-1CEA-483B-9F3D-0871E0E4B151}.Debug|Any CPU.ActiveCfg = Debug|Any CPU
		{A9E124B5-1CEA-483B-9F3D-0871E0E4B151}.Debug|Any CPU.Build.0 = Debug|Any CPU
		{A9E124B5-1CEA-483B-9F3D-0871E0E4B151}.Release|Any CPU.ActiveCfg = Release|Any CPU
		{A9E124B5-1CEA-483B-9F3D-0871E0E4B151}.Release|Any CPU.Build.0 = Release|Any CPU
		{87A01776-9230-4489-9896-612539C0B021}.Debug|Any CPU.ActiveCfg = Debug|Any CPU
		{87A01776-9230-4489-9896-612539C0B021}.Debug|Any CPU.Build.0 = Debug|Any CPU
		{87A01776-9230-4489-9896-612539C0B021}.Release|Any CPU.ActiveCfg = Release|Any CPU
		{87A01776-9230-4489-9896-612539C0B021}.Release|Any CPU.Build.0 = Release|Any CPU
		{35942561-016E-4422-940B-1DE1BDB8D3B0}.Debug|Any CPU.ActiveCfg = Debug|Any CPU
		{35942561-016E-4422-940B-1DE1BDB8D3B0}.Debug|Any CPU.Build.0 = Debug|Any CPU
		{35942561-016E-4422-940B-1DE1BDB8D3B0}.Release|Any CPU.ActiveCfg = Release|Any CPU
		{35942561-016E-4422-940B-1DE1BDB8D3B0}.Release|Any CPU.Build.0 = Release|Any CPU
		{2E7B5E1A-27BD-4ED9-8F0D-58AA1D80FA4B}.Debug|Any CPU.ActiveCfg = Debug|Any CPU
		{2E7B5E1A-27BD-4ED9-8F0D-58AA1D80FA4B}.Debug|Any CPU.Build.0 = Debug|Any CPU
		{2E7B5E1A-27BD-4ED9-8F0D-58AA1D80FA4B}.Release|Any CPU.ActiveCfg = Release|Any CPU
		{2E7B5E1A-27BD-4ED9-8F0D-58AA1D80FA4B}.Release|Any CPU.Build.0 = Release|Any CPU
		{8A8FB1A4-B240-47F8-B8B2-4A7C019255E2}.Debug|Any CPU.ActiveCfg = Debug|Any CPU
		{8A8FB1A4-B240-47F8-B8B2-4A7C019255E2}.Debug|Any CPU.Build.0 = Debug|Any CPU
		{8A8FB1A4-B240-47F8-B8B2-4A7C019255E2}.Release|Any CPU.ActiveCfg = Release|Any CPU
		{8A8FB1A4-B240-47F8-B8B2-4A7C019255E2}.Release|Any CPU.Build.0 = Release|Any CPU
		{3CEC9B96-1969-4326-8CEE-A11A1E869C2A}.Debug|Any CPU.ActiveCfg = Debug|Any CPU
		{3CEC9B96-1969-4326-8CEE-A11A1E869C2A}.Debug|Any CPU.Build.0 = Debug|Any CPU
		{3CEC9B96-1969-4326-8CEE-A11A1E869C2A}.Release|Any CPU.ActiveCfg = Release|Any CPU
		{3CEC9B96-1969-4326-8CEE-A11A1E869C2A}.Release|Any CPU.Build.0 = Release|Any CPU
		{8F939E60-4BB8-494E-9B94-921728BA2E58}.Debug|Any CPU.ActiveCfg = Debug|Any CPU
		{8F939E60-4BB8-494E-9B94-921728BA2E58}.Debug|Any CPU.Build.0 = Debug|Any CPU
		{8F939E60-4BB8-494E-9B94-921728BA2E58}.Release|Any CPU.ActiveCfg = Release|Any CPU
		{8F939E60-4BB8-494E-9B94-921728BA2E58}.Release|Any CPU.Build.0 = Release|Any CPU
		{745AA3B8-0A1D-4D3E-8BD1-7BD06F0CA3D5}.Debug|Any CPU.ActiveCfg = Debug|Any CPU
		{745AA3B8-0A1D-4D3E-8BD1-7BD06F0CA3D5}.Debug|Any CPU.Build.0 = Debug|Any CPU
		{745AA3B8-0A1D-4D3E-8BD1-7BD06F0CA3D5}.Release|Any CPU.ActiveCfg = Release|Any CPU
		{745AA3B8-0A1D-4D3E-8BD1-7BD06F0CA3D5}.Release|Any CPU.Build.0 = Release|Any CPU
		{88ADDF8C-07C7-4B0D-A947-D891B7EFF1CB}.Debug|Any CPU.ActiveCfg = Debug|Any CPU
		{88ADDF8C-07C7-4B0D-A947-D891B7EFF1CB}.Debug|Any CPU.Build.0 = Debug|Any CPU
		{88ADDF8C-07C7-4B0D-A947-D891B7EFF1CB}.Release|Any CPU.ActiveCfg = Release|Any CPU
		{88ADDF8C-07C7-4B0D-A947-D891B7EFF1CB}.Release|Any CPU.Build.0 = Release|Any CPU
		{B0EF4081-E2BA-4B9C-9B84-ABEEC50F86B8}.Debug|Any CPU.ActiveCfg = Debug|Any CPU
		{B0EF4081-E2BA-4B9C-9B84-ABEEC50F86B8}.Debug|Any CPU.Build.0 = Debug|Any CPU
		{B0EF4081-E2BA-4B9C-9B84-ABEEC50F86B8}.Release|Any CPU.ActiveCfg = Release|Any CPU
		{B0EF4081-E2BA-4B9C-9B84-ABEEC50F86B8}.Release|Any CPU.Build.0 = Release|Any CPU
		{3C317476-2240-49D4-8F4C-A48FB65459CD}.Debug|Any CPU.ActiveCfg = Debug|Any CPU
		{3C317476-2240-49D4-8F4C-A48FB65459CD}.Debug|Any CPU.Build.0 = Debug|Any CPU
		{3C317476-2240-49D4-8F4C-A48FB65459CD}.Release|Any CPU.ActiveCfg = Release|Any CPU
		{3C317476-2240-49D4-8F4C-A48FB65459CD}.Release|Any CPU.Build.0 = Release|Any CPU
		{4B2647D0-5C75-4DFD-865A-A6DC9AFAABAB}.Debug|Any CPU.ActiveCfg = Debug|Any CPU
		{4B2647D0-5C75-4DFD-865A-A6DC9AFAABAB}.Debug|Any CPU.Build.0 = Debug|Any CPU
		{4B2647D0-5C75-4DFD-865A-A6DC9AFAABAB}.Release|Any CPU.ActiveCfg = Release|Any CPU
		{4B2647D0-5C75-4DFD-865A-A6DC9AFAABAB}.Release|Any CPU.Build.0 = Release|Any CPU
		{06E0E692-20A8-4C5B-8791-FD8A30293830}.Debug|Any CPU.ActiveCfg = Debug|Any CPU
		{06E0E692-20A8-4C5B-8791-FD8A30293830}.Debug|Any CPU.Build.0 = Debug|Any CPU
		{06E0E692-20A8-4C5B-8791-FD8A30293830}.Release|Any CPU.ActiveCfg = Release|Any CPU
		{06E0E692-20A8-4C5B-8791-FD8A30293830}.Release|Any CPU.Build.0 = Release|Any CPU
		{B1B67B0A-464A-433F-A276-8392FE3A6C48}.Debug|Any CPU.ActiveCfg = Debug|Any CPU
		{B1B67B0A-464A-433F-A276-8392FE3A6C48}.Debug|Any CPU.Build.0 = Debug|Any CPU
		{B1B67B0A-464A-433F-A276-8392FE3A6C48}.Release|Any CPU.ActiveCfg = Release|Any CPU
		{B1B67B0A-464A-433F-A276-8392FE3A6C48}.Release|Any CPU.Build.0 = Release|Any CPU
		{6BBA3D44-E183-4D4C-A49F-1E752F509283}.Debug|Any CPU.ActiveCfg = Debug|Any CPU
		{6BBA3D44-E183-4D4C-A49F-1E752F509283}.Debug|Any CPU.Build.0 = Debug|Any CPU
		{6BBA3D44-E183-4D4C-A49F-1E752F509283}.Release|Any CPU.ActiveCfg = Release|Any CPU
		{6BBA3D44-E183-4D4C-A49F-1E752F509283}.Release|Any CPU.Build.0 = Release|Any CPU
		{CD91608F-B537-41E2-8EB5-50A561D3325F}.Debug|Any CPU.ActiveCfg = Debug|Any CPU
		{CD91608F-B537-41E2-8EB5-50A561D3325F}.Debug|Any CPU.Build.0 = Debug|Any CPU
		{CD91608F-B537-41E2-8EB5-50A561D3325F}.Release|Any CPU.ActiveCfg = Release|Any CPU
		{CD91608F-B537-41E2-8EB5-50A561D3325F}.Release|Any CPU.Build.0 = Release|Any CPU
		{5F4CA691-B28B-4B14-8F17-A28A97B5EF15}.Debug|Any CPU.ActiveCfg = Debug|Any CPU
		{5F4CA691-B28B-4B14-8F17-A28A97B5EF15}.Debug|Any CPU.Build.0 = Debug|Any CPU
		{5F4CA691-B28B-4B14-8F17-A28A97B5EF15}.Release|Any CPU.ActiveCfg = Release|Any CPU
		{5F4CA691-B28B-4B14-8F17-A28A97B5EF15}.Release|Any CPU.Build.0 = Release|Any CPU
		{894CEBB0-E04B-44BB-8B65-0BA613CA6FCA}.Debug|Any CPU.ActiveCfg = Debug|Any CPU
		{894CEBB0-E04B-44BB-8B65-0BA613CA6FCA}.Debug|Any CPU.Build.0 = Debug|Any CPU
		{894CEBB0-E04B-44BB-8B65-0BA613CA6FCA}.Release|Any CPU.ActiveCfg = Release|Any CPU
		{894CEBB0-E04B-44BB-8B65-0BA613CA6FCA}.Release|Any CPU.Build.0 = Release|Any CPU
		{CBB14B9D-95EE-4EF5-8B9F-7887DFA3567F}.Debug|Any CPU.ActiveCfg = Debug|Any CPU
		{CBB14B9D-95EE-4EF5-8B9F-7887DFA3567F}.Debug|Any CPU.Build.0 = Debug|Any CPU
		{CBB14B9D-95EE-4EF5-8B9F-7887DFA3567F}.Release|Any CPU.ActiveCfg = Release|Any CPU
		{CBB14B9D-95EE-4EF5-8B9F-7887DFA3567F}.Release|Any CPU.Build.0 = Release|Any CPU
	EndGlobalSection
	GlobalSection(SolutionProperties) = preSolution
		HideSolutionNode = FALSE
	EndGlobalSection
EndGlobal
